<?xml version="1.0" encoding="utf-8"?>
<Project ToolsVersion="4.0" xmlns="http://schemas.microsoft.com/developer/msbuild/2003">
  <ItemGroup>
    <Filter Include="Source Files">
      <UniqueIdentifier>{4FC737F1-C7A5-4376-A066-2A32D752A2FF}</UniqueIdentifier>
      <Extensions>cpp;c;cc;cxx;def;odl;idl;hpj;bat;asm;asmx</Extensions>
    </Filter>
    <Filter Include="Header Files">
      <UniqueIdentifier>{93995380-89BD-4b04-88EB-625FBE52EBFB}</UniqueIdentifier>
      <Extensions>h;hh;hpp;hxx;hm;inl;inc;ipp;xsd</Extensions>
    </Filter>
    <Filter Include="Tests">
      <UniqueIdentifier>{675bb94e-e118-464d-9b1d-51323049a618}</UniqueIdentifier>
    </Filter>
    <Filter Include="Tests\Test 01">
      <UniqueIdentifier>{d602d47e-b5fe-43b2-a372-569d1c6a46c6}</UniqueIdentifier>
    </Filter>
    <Filter Include="Tests\Test 02">
      <UniqueIdentifier>{20c3db12-ef59-4920-955d-8ef11be98e2a}</UniqueIdentifier>
    </Filter>
    <Filter Include="Tests\Test 03">
      <UniqueIdentifier>{aabe4e00-0509-4f56-8434-3f5354b03e7c}</UniqueIdentifier>
    </Filter>
  </ItemGroup>
  <ItemGroup>
    <ClInclude Include="headers\!global.h">
      <Filter>Header Files</Filter>
    </ClInclude>
    <ClInclude Include="headers\file.h">
      <Filter>Header Files</Filter>
    </ClInclude>
    <ClInclude Include="headers\fs.h">
      <Filter>Header Files</Filter>
    </ClInclude>
    <ClInclude Include="headers\kfile.h">
      <Filter>Header Files</Filter>
    </ClInclude>
    <ClInclude Include="headers\kfs.h">
      <Filter>Header Files</Filter>
    </ClInclude>
    <ClInclude Include="headers\partition.h">
      <Filter>Header Files</Filter>
    </ClInclude>
    <ClInclude Include="headers\block.h">
      <Filter>Header Files</Filter>
    </ClInclude>
    <ClInclude Include="headers\cache.h">
      <Filter>Header Files</Filter>
    </ClInclude>
    <ClInclude Include="headers\heap.h">
      <Filter>Header Files</Filter>
    </ClInclude>
    <ClInclude Include="headers\fd.h">
      <Filter>Header Files</Filter>
    </ClInclude>
    <ClInclude Include="headers\cacheslot.h">
      <Filter>Header Files</Filter>
    </ClInclude>
    <ClInclude Include="headers\traversal.h">
      <Filter>Header Files</Filter>
    </ClInclude>
    <ClInclude Include="tests\test 02\testprimer.h">
      <Filter>Tests\Test 02</Filter>
    </ClInclude>
    <ClInclude Include="headers\semaphore.h">
      <Filter>Header Files</Filter>
    </ClInclude>
  </ItemGroup>
  <ItemGroup>
    <ClCompile Include="source\main.cpp">
      <Filter>Source Files</Filter>
    </ClCompile>
    <ClCompile Include="source\block.cpp">
      <Filter>Source Files</Filter>
    </ClCompile>
    <ClCompile Include="source\heap.cpp">
      <Filter>Source Files</Filter>
    </ClCompile>
    <ClCompile Include="source\cache.cpp">
      <Filter>Source Files</Filter>
    </ClCompile>
    <ClCompile Include="source\fd.cpp">
      <Filter>Source Files</Filter>
    </ClCompile>
    <ClCompile Include="source\cacheslot.cpp">
      <Filter>Source Files</Filter>
    </ClCompile>
    <ClCompile Include="source\kfile.cpp">
      <Filter>Source Files</Filter>
    </ClCompile>
    <ClCompile Include="source\kfs.cpp">
      <Filter>Source Files</Filter>
    </ClCompile>
    <ClCompile Include="source\traversal.cpp">
      <Filter>Source Files</Filter>
    </ClCompile>
    <ClCompile Include="source\file.cpp">
      <Filter>Source Files</Filter>
    </ClCompile>
    <ClCompile Include="source\fs.cpp">
      <Filter>Source Files</Filter>
    </ClCompile>
    <ClCompile Include="source\!global.cpp">
      <Filter>Source Files</Filter>
    </ClCompile>
    <ClCompile Include="tests\test 01\test01.cpp">
      <Filter>Tests\Test 01</Filter>
    </ClCompile>
    <ClCompile Include="tests\test 02\test02.cpp">
      <Filter>Tests\Test 02</Filter>
    </ClCompile>
    <ClCompile Include="tests\test 02\nit1.cpp">
      <Filter>Tests\Test 02</Filter>
    </ClCompile>
    <ClCompile Include="tests\test 02\nit2.cpp">
      <Filter>Tests\Test 02</Filter>
    </ClCompile>
    <ClCompile Include="source\semaphore.cpp">
      <Filter>Source Files</Filter>
    </ClCompile>
    <ClCompile Include="tests\test 03\test03.cpp">
      <Filter>Tests\Test 03</Filter>
    </ClCompile>
  </ItemGroup>
</Project>