<?xml version="1.0" encoding="utf-8"?>
<Project ToolsVersion="4.0" xmlns="http://schemas.microsoft.com/developer/msbuild/2003">
  <ItemGroup>
    <Filter Include="Source Files">
      <UniqueIdentifier>{4FC737F1-C7A5-4376-A066-2A32D752A2FF}</UniqueIdentifier>
      <Extensions>cpp;c;cc;cxx;def;odl;idl;hpj;bat;asm;asmx</Extensions>
    </Filter>
    <Filter Include="Header Files">
      <UniqueIdentifier>{93995380-89BD-4b04-88EB-625FBE52EBFB}</UniqueIdentifier>
      <Extensions>h;hh;hpp;hxx;hm;inl;inc;ipp;xsd</Extensions>
    </Filter>
  </ItemGroup>
  <ItemGroup>
    <ClInclude Include="headers\!global.h">
      <Filter>Header Files</Filter>
    </ClInclude>
    <ClInclude Include="headers\file.h">
      <Filter>Header Files</Filter>
    </ClInclude>
    <ClInclude Include="headers\fs.h">
      <Filter>Header Files</Filter>
    </ClInclude>
    <ClInclude Include="headers\kfile.h">
      <Filter>Header Files</Filter>
    </ClInclude>
    <ClInclude Include="headers\kfs.h">
      <Filter>Header Files</Filter>
    </ClInclude>
    <ClInclude Include="headers\partition.h">
      <Filter>Header Files</Filter>
    </ClInclude>
    <ClInclude Include="headers\block.h">
      <Filter>Header Files</Filter>
    </ClInclude>
    <ClInclude Include="headers\cache.h">
      <Filter>Header Files</Filter>
    </ClInclude>
    <ClInclude Include="headers\heap.h">
      <Filter>Header Files</Filter>
    </ClInclude>
    <ClInclude Include="headers\fd.h">
      <Filter>Header Files</Filter>
    </ClInclude>
    <ClInclude Include="headers\cacheslot.h">
      <Filter>Header Files</Filter>
    </ClInclude>
    <ClInclude Include="headers\traversal.h">
      <Filter>Header Files</Filter>
    </ClInclude>
  </ItemGroup>
  <ItemGroup>
    <ClCompile Include="source\main.cpp">
      <Filter>Source Files</Filter>
    </ClCompile>
    <ClCompile Include="source\block.cpp">
      <Filter>Source Files</Filter>
    </ClCompile>
    <ClCompile Include="source\heap.cpp">
      <Filter>Source Files</Filter>
    </ClCompile>
    <ClCompile Include="source\cache.cpp">
      <Filter>Source Files</Filter>
    </ClCompile>
    <ClCompile Include="source\fd.cpp">
      <Filter>Source Files</Filter>
    </ClCompile>
    <ClCompile Include="source\cacheslot.cpp">
      <Filter>Source Files</Filter>
    </ClCompile>
    <ClCompile Include="source\kfile.cpp">
      <Filter>Source Files</Filter>
    </ClCompile>
    <ClCompile Include="source\kfs.cpp">
      <Filter>Source Files</Filter>
    </ClCompile>
    <ClCompile Include="source\traversal.cpp">
      <Filter>Source Files</Filter>
    </ClCompile>
    <ClCompile Include="source\file.cpp">
      <Filter>Source Files</Filter>
    </ClCompile>
    <ClCompile Include="source\fs.cpp">
      <Filter>Source Files</Filter>
    </ClCompile>
    <ClCompile Include="source\!global.cpp">
      <Filter>Source Files</Filter>
    </ClCompile>
  </ItemGroup>
</Project>